
Microsoft Visual Studio Solution File, Format Version 12.00
# Visual Studio Version 17
VisualStudioVersion = 17.6.33815.320
MinimumVisualStudioVersion = 10.0.40219.1
Project("{00D1A9C2-B5F0-4AF3-8072-F6C62B433612}") = "EmpDB", "EmpDB.sqlproj", "{07EAF0CF-53A9-4C65-86D0-8921D3DA6A55}"
EndProject
Global
	GlobalSection(SolutionConfigurationPlatforms) = preSolution
		Debug|Any CPU = Debug|Any CPU
		Release|Any CPU = Release|Any CPU
	EndGlobalSection
	GlobalSection(ProjectConfigurationPlatforms) = postSolution
		{07EAF0CF-53A9-4C65-86D0-8921D3DA6A55}.Debug|Any CPU.ActiveCfg = Debug|Any CPU
		{07EAF0CF-53A9-4C65-86D0-8921D3DA6A55}.Debug|Any CPU.Build.0 = Debug|Any CPU
		{07EAF0CF-53A9-4C65-86D0-8921D3DA6A55}.Debug|Any CPU.Deploy.0 = Debug|Any CPU
		{07EAF0CF-53A9-4C65-86D0-8921D3DA6A55}.Release|Any CPU.ActiveCfg = Release|Any CPU
		{07EAF0CF-53A9-4C65-86D0-8921D3DA6A55}.Release|Any CPU.Build.0 = Release|Any CPU
		{07EAF0CF-53A9-4C65-86D0-8921D3DA6A55}.Release|Any CPU.Deploy.0 = Release|Any CPU
	EndGlobalSection
	GlobalSection(SolutionProperties) = preSolution
		HideSolutionNode = FALSE
	EndGlobalSection
	GlobalSection(ExtensibilityGlobals) = postSolution
		SolutionGuid = {AA6C39A3-565B-4030-A77A-EB1016764BD4}
	EndGlobalSection
EndGlobal
